// !$*UTF8*$!
{
	archiveVersion = 1;
	classes = {
	};
	objectVersion = 46;
	objects = {

/* Begin PBXBuildFile section */
		EF0B517C1CDB42C900A029B9 /* AppDelegate.swift in Sources */ = {isa = PBXBuildFile; fileRef = EF0B517B1CDB42C900A029B9 /* AppDelegate.swift */; };
		EF0B517E1CDB42C900A029B9 /* ViewController.swift in Sources */ = {isa = PBXBuildFile; fileRef = EF0B517D1CDB42C900A029B9 /* ViewController.swift */; };
		EF0B51811CDB42C900A029B9 /* Main.storyboard in Resources */ = {isa = PBXBuildFile; fileRef = EF0B517F1CDB42C900A029B9 /* Main.storyboard */; };
		EF0B51831CDB42C900A029B9 /* Assets.xcassets in Resources */ = {isa = PBXBuildFile; fileRef = EF0B51821CDB42C900A029B9 /* Assets.xcassets */; };
		EF0B51861CDB42C900A029B9 /* LaunchScreen.storyboard in Resources */ = {isa = PBXBuildFile; fileRef = EF0B51841CDB42C900A029B9 /* LaunchScreen.storyboard */; };
		EF0B51911CDB42C900A029B9 /* ios14Tests.swift in Sources */ = {isa = PBXBuildFile; fileRef = EF0B51901CDB42C900A029B9 /* ios14Tests.swift */; };
		EF0B519C1CDB42C900A029B9 /* ios14UITests.swift in Sources */ = {isa = PBXBuildFile; fileRef = EF0B519B1CDB42C900A029B9 /* ios14UITests.swift */; };
/* End PBXBuildFile section */

/* Begin PBXContainerItemProxy section */
		EF0B518D1CDB42C900A029B9 /* PBXContainerItemProxy */ = {
			isa = PBXContainerItemProxy;
			containerPortal = EF0B51701CDB42C900A029B9 /* Project object */;
			proxyType = 1;
			remoteGlobalIDString = EF0B51771CDB42C900A029B9;
			remoteInfo = ios14;
		};
		EF0B51981CDB42C900A029B9 /* PBXContainerItemProxy */ = {
			isa = PBXContainerItemProxy;
			containerPortal = EF0B51701CDB42C900A029B9 /* Project object */;
			proxyType = 1;
			remoteGlobalIDString = EF0B51771CDB42C900A029B9;
			remoteInfo = ios14;
		};
/* End PBXContainerItemProxy section */

/* Begin PBXFileReference section */
		EF0B51781CDB42C900A029B9 /* ios14.app */ = {isa = PBXFileReference; explicitFileType = wrapper.application; includeInIndex = 0; path = ios14.app; sourceTree = BUILT_PRODUCTS_DIR; };
		EF0B517B1CDB42C900A029B9 /* AppDelegate.swift */ = {isa = PBXFileReference; lastKnownFileType = sourcecode.swift; path = AppDelegate.swift; sourceTree = "<group>"; };
		EF0B517D1CDB42C900A029B9 /* ViewController.swift */ = {isa = PBXFileReference; lastKnownFileType = sourcecode.swift; path = ViewController.swift; sourceTree = "<group>"; };
		EF0B51801CDB42C900A029B9 /* Base */ = {isa = PBXFileReference; lastKnownFileType = file.storyboard; name = Base; path = Base.lproj/Main.storyboard; sourceTree = "<group>"; };
		EF0B51821CDB42C900A029B9 /* Assets.xcassets */ = {isa = PBXFileReference; lastKnownFileType = folder.assetcatalog; path = Assets.xcassets; sourceTree = "<group>"; };
		EF0B51851CDB42C900A029B9 /* Base */ = {isa = PBXFileReference; lastKnownFileType = file.storyboard; name = Base; path = Base.lproj/LaunchScreen.storyboard; sourceTree = "<group>"; };
		EF0B51871CDB42C900A029B9 /* Info.plist */ = {isa = PBXFileReference; lastKnownFileType = text.plist.xml; path = Info.plist; sourceTree = "<group>"; };
		EF0B518C1CDB42C900A029B9 /* ios14Tests.xctest */ = {isa = PBXFileReference; explicitFileType = wrapper.cfbundle; includeInIndex = 0; path = ios14Tests.xctest; sourceTree = BUILT_PRODUCTS_DIR; };
		EF0B51901CDB42C900A029B9 /* ios14Tests.swift */ = {isa = PBXFileReference; lastKnownFileType = sourcecode.swift; path = ios14Tests.swift; sourceTree = "<group>"; };
		EF0B51921CDB42C900A029B9 /* Info.plist */ = {isa = PBXFileReference; lastKnownFileType = text.plist.xml; path = Info.plist; sourceTree = "<group>"; };
		EF0B51971CDB42C900A029B9 /* ios14UITests.xctest */ = {isa = PBXFileReference; explicitFileType = wrapper.cfbundle; includeInIndex = 0; path = ios14UITests.xctest; sourceTree = BUILT_PRODUCTS_DIR; };
		EF0B519B1CDB42C900A029B9 /* ios14UITests.swift */ = {isa = PBXFileReference; lastKnownFileType = sourcecode.swift; path = ios14UITests.swift; sourceTree = "<group>"; };
		EF0B519D1CDB42C900A029B9 /* Info.plist */ = {isa = PBXFileReference; lastKnownFileType = text.plist.xml; path = Info.plist; sourceTree = "<group>"; };
/* End PBXFileReference section */

/* Begin PBXFrameworksBuildPhase section */
		EF0B51751CDB42C900A029B9 /* Frameworks */ = {
			isa = PBXFrameworksBuildPhase;
			buildActionMask = 2147483647;
			files = (
			);
			runOnlyForDeploymentPostprocessing = 0;
		};
		EF0B51891CDB42C900A029B9 /* Frameworks */ = {
			isa = PBXFrameworksBuildPhase;
			buildActionMask = 2147483647;
			files = (
			);
			runOnlyForDeploymentPostprocessing = 0;
		};
		EF0B51941CDB42C900A029B9 /* Frameworks */ = {
			isa = PBXFrameworksBuildPhase;
			buildActionMask = 2147483647;
			files = (
			);
			runOnlyForDeploymentPostprocessing = 0;
		};
/* End PBXFrameworksBuildPhase section */

/* Begin PBXGroup section */
		EF0B516F1CDB42C900A029B9 = {
			isa = PBXGroup;
			children = (
				EF0B517A1CDB42C900A029B9 /* ios14 */,
				EF0B518F1CDB42C900A029B9 /* ios14Tests */,
				EF0B519A1CDB42C900A029B9 /* ios14UITests */,
				EF0B51791CDB42C900A029B9 /* Products */,
			);
			sourceTree = "<group>";
		};
		EF0B51791CDB42C900A029B9 /* Products */ = {
			isa = PBXGroup;
			children = (
				EF0B51781CDB42C900A029B9 /* ios14.app */,
				EF0B518C1CDB42C900A029B9 /* ios14Tests.xctest */,
				EF0B51971CDB42C900A029B9 /* ios14UITests.xctest */,
			);
			name = Products;
			sourceTree = "<group>";
		};
		EF0B517A1CDB42C900A029B9 /* ios14 */ = {
			isa = PBXGroup;
			children = (
				EF0B517B1CDB42C900A029B9 /* AppDelegate.swift */,
				EF0B517D1CDB42C900A029B9 /* ViewController.swift */,
				EF0B517F1CDB42C900A029B9 /* Main.storyboard */,
				EF0B51821CDB42C900A029B9 /* Assets.xcassets */,
				EF0B51841CDB42C900A029B9 /* LaunchScreen.storyboard */,
				EF0B51871CDB42C900A029B9 /* Info.plist */,
			);
			path = ios14;
			sourceTree = "<group>";
		};
		EF0B518F1CDB42C900A029B9 /* ios14Tests */ = {
			isa = PBXGroup;
			children = (
				EF0B51901CDB42C900A029B9 /* ios14Tests.swift */,
				EF0B51921CDB42C900A029B9 /* Info.plist */,
			);
			path = ios14Tests;
			sourceTree = "<group>";
		};
		EF0B519A1CDB42C900A029B9 /* ios14UITests */ = {
			isa = PBXGroup;
			children = (
				EF0B519B1CDB42C900A029B9 /* ios14UITests.swift */,
				EF0B519D1CDB42C900A029B9 /* Info.plist */,
			);
			path = ios14UITests;
			sourceTree = "<group>";
		};
/* End PBXGroup section */

/* Begin PBXNativeTarget section */
		EF0B51771CDB42C900A029B9 /* ios14 */ = {
			isa = PBXNativeTarget;
			buildConfigurationList = EF0B51A01CDB42C900A029B9 /* Build configuration list for PBXNativeTarget "ios14" */;
			buildPhases = (
				EF0B51741CDB42C900A029B9 /* Sources */,
				EF0B51751CDB42C900A029B9 /* Frameworks */,
				EF0B51761CDB42C900A029B9 /* Resources */,
			);
			buildRules = (
			);
			dependencies = (
			);
			name = ios14;
			productName = ios14;
			productReference = EF0B51781CDB42C900A029B9 /* ios14.app */;
			productType = "com.apple.product-type.application";
		};
		EF0B518B1CDB42C900A029B9 /* ios14Tests */ = {
			isa = PBXNativeTarget;
			buildConfigurationList = EF0B51A31CDB42C900A029B9 /* Build configuration list for PBXNativeTarget "ios14Tests" */;
			buildPhases = (
				EF0B51881CDB42C900A029B9 /* Sources */,
				EF0B51891CDB42C900A029B9 /* Frameworks */,
				EF0B518A1CDB42C900A029B9 /* Resources */,
			);
			buildRules = (
			);
			dependencies = (
				EF0B518E1CDB42C900A029B9 /* PBXTargetDependency */,
			);
			name = ios14Tests;
			productName = ios14Tests;
			productReference = EF0B518C1CDB42C900A029B9 /* ios14Tests.xctest */;
			productType = "com.apple.product-type.bundle.unit-test";
		};
		EF0B51961CDB42C900A029B9 /* ios14UITests */ = {
			isa = PBXNativeTarget;
			buildConfigurationList = EF0B51A61CDB42C900A029B9 /* Build configuration list for PBXNativeTarget "ios14UITests" */;
			buildPhases = (
				EF0B51931CDB42C900A029B9 /* Sources */,
				EF0B51941CDB42C900A029B9 /* Frameworks */,
				EF0B51951CDB42C900A029B9 /* Resources */,
			);
			buildRules = (
			);
			dependencies = (
				EF0B51991CDB42C900A029B9 /* PBXTargetDependency */,
			);
			name = ios14UITests;
			productName = ios14UITests;
			productReference = EF0B51971CDB42C900A029B9 /* ios14UITests.xctest */;
			productType = "com.apple.product-type.bundle.ui-testing";
		};
/* End PBXNativeTarget section */

/* Begin PBXProject section */
		EF0B51701CDB42C900A029B9 /* Project object */ = {
			isa = PBXProject;
			attributes = {
				LastSwiftUpdateCheck = 0730;
				LastUpgradeCheck = 0730;
				ORGANIZATIONNAME = tak;
				TargetAttributes = {
					EF0B51771CDB42C900A029B9 = {
						CreatedOnToolsVersion = 7.3.1;
						DevelopmentTeam = 7YKRKJA4VT;
					};
					EF0B518B1CDB42C900A029B9 = {
						CreatedOnToolsVersion = 7.3.1;
						DevelopmentTeam = 7YKRKJA4VT;
						TestTargetID = EF0B51771CDB42C900A029B9;
					};
					EF0B51961CDB42C900A029B9 = {
						CreatedOnToolsVersion = 7.3.1;
						DevelopmentTeam = 7YKRKJA4VT;
						TestTargetID = EF0B51771CDB42C900A029B9;
					};
				};
			};
			buildConfigurationList = EF0B51731CDB42C900A029B9 /* Build configuration list for PBXProject "ios14" */;
			compatibilityVersion = "Xcode 3.2";
			developmentRegion = English;
			hasScannedForEncodings = 0;
			knownRegions = (
				en,
				Base,
			);
			mainGroup = EF0B516F1CDB42C900A029B9;
			productRefGroup = EF0B51791CDB42C900A029B9 /* Products */;
			projectDirPath = "";
			projectRoot = "";
			targets = (
				EF0B51771CDB42C900A029B9 /* ios14 */,
				EF0B518B1CDB42C900A029B9 /* ios14Tests */,
				EF0B51961CDB42C900A029B9 /* ios14UITests */,
			);
		};
/* End PBXProject section */

/* Begin PBXResourcesBuildPhase section */
		EF0B51761CDB42C900A029B9 /* Resources */ = {
			isa = PBXResourcesBuildPhase;
			buildActionMask = 2147483647;
			files = (
				EF0B51861CDB42C900A029B9 /* LaunchScreen.storyboard in Resources */,
				EF0B51831CDB42C900A029B9 /* Assets.xcassets in Resources */,
				EF0B51811CDB42C900A029B9 /* Main.storyboard in Resources */,
			);
			runOnlyForDeploymentPostprocessing = 0;
		};
		EF0B518A1CDB42C900A029B9 /* Resources */ = {
			isa = PBXResourcesBuildPhase;
			buildActionMask = 2147483647;
			files = (
			);
			runOnlyForDeploymentPostprocessing = 0;
		};
		EF0B51951CDB42C900A029B9 /* Resources */ = {
			isa = PBXResourcesBuildPhase;
			buildActionMask = 2147483647;
			files = (
			);
			runOnlyForDeploymentPostprocessing = 0;
		};
/* End PBXResourcesBuildPhase section */

/* Begin PBXSourcesBuildPhase section */
		EF0B51741CDB42C900A029B9 /* Sources */ = {
			isa = PBXSourcesBuildPhase;
			buildActionMask = 2147483647;
			files = (
				EF0B517E1CDB42C900A029B9 /* ViewController.swift in Sources */,
				EF0B517C1CDB42C900A029B9 /* AppDelegate.swift in Sources */,
			);
			runOnlyForDeploymentPostprocessing = 0;
		};
		EF0B51881CDB42C900A029B9 /* Sources */ = {
			isa = PBXSourcesBuildPhase;
			buildActionMask = 2147483647;
			files = (
				EF0B51911CDB42C900A029B9 /* ios14Tests.swift in Sources */,
			);
			runOnlyForDeploymentPostprocessing = 0;
		};
		EF0B51931CDB42C900A029B9 /* Sources */ = {
			isa = PBXSourcesBuildPhase;
			buildActionMask = 2147483647;
			files = (
				EF0B519C1CDB42C900A029B9 /* ios14UITests.swift in Sources */,
			);
			runOnlyForDeploymentPostprocessing = 0;
		};
/* End PBXSourcesBuildPhase section */

/* Begin PBXTargetDependency section */
		EF0B518E1CDB42C900A029B9 /* PBXTargetDependency */ = {
			isa = PBXTargetDependency;
			target = EF0B51771CDB42C900A029B9 /* ios14 */;
			targetProxy = EF0B518D1CDB42C900A029B9 /* PBXContainerItemProxy */;
		};
		EF0B51991CDB42C900A029B9 /* PBXTargetDependency */ = {
			isa = PBXTargetDependency;
			target = EF0B51771CDB42C900A029B9 /* ios14 */;
			targetProxy = EF0B51981CDB42C900A029B9 /* PBXContainerItemProxy */;
		};
/* End PBXTargetDependency section */

/* Begin PBXVariantGroup section */
		EF0B517F1CDB42C900A029B9 /* Main.storyboard */ = {
			isa = PBXVariantGroup;
			children = (
				EF0B51801CDB42C900A029B9 /* Base */,
			);
			name = Main.storyboard;
			sourceTree = "<group>";
		};
		EF0B51841CDB42C900A029B9 /* LaunchScreen.storyboard */ = {
			isa = PBXVariantGroup;
			children = (
				EF0B51851CDB42C900A029B9 /* Base */,
			);
			name = LaunchScreen.storyboard;
			sourceTree = "<group>";
		};
/* End PBXVariantGroup section */

/* Begin XCBuildConfiguration section */
		EF0B519E1CDB42C900A029B9 /* Debug */ = {
			isa = XCBuildConfiguration;
			buildSettings = {
				ALWAYS_SEARCH_USER_PATHS = NO;
				CLANG_ANALYZER_NONNULL = YES;
				CLANG_CXX_LANGUAGE_STANDARD = "gnu++0x";
				CLANG_CXX_LIBRARY = "libc++";
				CLANG_ENABLE_MODULES = YES;
				CLANG_ENABLE_OBJC_ARC = YES;
				CLANG_WARN_BOOL_CONVERSION = YES;
				CLANG_WARN_CONSTANT_CONVERSION = YES;
				CLANG_WARN_DIRECT_OBJC_ISA_USAGE = YES_ERROR;
				CLANG_WARN_EMPTY_BODY = YES;
				CLANG_WARN_ENUM_CONVERSION = YES;
				CLANG_WARN_INT_CONVERSION = YES;
				CLANG_WARN_OBJC_ROOT_CLASS = YES_ERROR;
				CLANG_WARN_UNREACHABLE_CODE = YES;
				CLANG_WARN__DUPLICATE_METHOD_MATCH = YES;
				"CODE_SIGN_IDENTITY[sdk=iphoneos*]" = "iPhone Developer";
				COPY_PHASE_STRIP = NO;
				DEBUG_INFORMATION_FORMAT = dwarf;
				ENABLE_STRICT_OBJC_MSGSEND = YES;
				ENABLE_TESTABILITY = YES;
				GCC_C_LANGUAGE_STANDARD = gnu99;
				GCC_DYNAMIC_NO_PIC = NO;
				GCC_NO_COMMON_BLOCKS = YES;
				GCC_OPTIMIZATION_LEVEL = 0;
				GCC_PREPROCESSOR_DEFINITIONS = (
					"DEBUG=1",
					"$(inherited)",
				);
				GCC_WARN_64_TO_32_BIT_CONVERSION = YES;
				GCC_WARN_ABOUT_RETURN_TYPE = YES_ERROR;
				GCC_WARN_UNDECLARED_SELECTOR = YES;
				GCC_WARN_UNINITIALIZED_AUTOS = YES_AGGRESSIVE;
				GCC_WARN_UNUSED_FUNCTION = YES;
				GCC_WARN_UNUSED_VARIABLE = YES;
				IPHONEOS_DEPLOYMENT_TARGET = 9.3;
				MTL_ENABLE_DEBUG_INFO = YES;
				ONLY_ACTIVE_ARCH = YES;
				SDKROOT = iphoneos;
				SWIFT_OPTIMIZATION_LEVEL = "-Onone";
			};
			name = Debug;
		};
		EF0B519F1CDB42C900A029B9 /* Release */ = {
			isa = XCBuildConfiguration;
			buildSettings = {
				ALWAYS_SEARCH_USER_PATHS = NO;
				CLANG_ANALYZER_NONNULL = YES;
				CLANG_CXX_LANGUAGE_STANDARD = "gnu++0x";
				CLANG_CXX_LIBRARY = "libc++";
				CLANG_ENABLE_MODULES = YES;
				CLANG_ENABLE_OBJC_ARC = YES;
				CLANG_WARN_BOOL_CONVERSION = YES;
				CLANG_WARN_CONSTANT_CONVERSION = YES;
				CLANG_WARN_DIRECT_OBJC_ISA_USAGE = YES_ERROR;
				CLANG_WARN_EMPTY_BODY = YES;
				CLANG_WARN_ENUM_CONVERSION = YES;
				CLANG_WARN_INT_CONVERSION = YES;
				CLANG_WARN_OBJC_ROOT_CLASS = YES_ERROR;
				CLANG_WARN_UNREACHABLE_CODE = YES;
				CLANG_WARN__DUPLICATE_METHOD_MATCH = YES;
				"CODE_SIGN_IDENTITY[sdk=iphoneos*]" = "iPhone Developer";
				COPY_PHASE_STRIP = NO;
				DEBUG_INFORMATION_FORMAT = "dwarf-with-dsym";
				ENABLE_NS_ASSERTIONS = NO;
				ENABLE_STRICT_OBJC_MSGSEND = YES;
				GCC_C_LANGUAGE_STANDARD = gnu99;
				GCC_NO_COMMON_BLOCKS = YES;
				GCC_WARN_64_TO_32_BIT_CONVERSION = YES;
				GCC_WARN_ABOUT_RETURN_TYPE = YES_ERROR;
				GCC_WARN_UNDECLARED_SELECTOR = YES;
				GCC_WARN_UNINITIALIZED_AUTOS = YES_AGGRESSIVE;
				GCC_WARN_UNUSED_FUNCTION = YES;
				GCC_WARN_UNUSED_VARIABLE = YES;
				IPHONEOS_DEPLOYMENT_TARGET = 9.3;
				MTL_ENABLE_DEBUG_INFO = NO;
				SDKROOT = iphoneos;
				VALIDATE_PRODUCT = YES;
			};
			name = Release;
		};
		EF0B51A11CDB42C900A029B9 /* Debug */ = {
			isa = XCBuildConfiguration;
			buildSettings = {
				ASSETCATALOG_COMPILER_APPICON_NAME = AppIcon;
				INFOPLIST_FILE = ios14/Info.plist;
				LD_RUNPATH_SEARCH_PATHS = "$(inherited) @executable_path/Frameworks";
				PRODUCT_BUNDLE_IDENTIFIER = tak.inc.ios14;
				PRODUCT_NAME = "$(TARGET_NAME)";
			};
			name = Debug;
		};
		EF0B51A21CDB42C900A029B9 /* Release */ = {
			isa = XCBuildConfiguration;
			buildSettings = {
				ASSETCATALOG_COMPILER_APPICON_NAME = AppIcon;
				INFOPLIST_FILE = ios14/Info.plist;
				LD_RUNPATH_SEARCH_PATHS = "$(inherited) @executable_path/Frameworks";
				PRODUCT_BUNDLE_IDENTIFIER = tak.inc.ios14;
				PRODUCT_NAME = "$(TARGET_NAME)";
			};
			name = Release;
		};
		EF0B51A41CDB42C900A029B9 /* Debug */ = {
			isa = XCBuildConfiguration;
			buildSettings = {
				BUNDLE_LOADER = "$(TEST_HOST)";
				INFOPLIST_FILE = ios14Tests/Info.plist;
				LD_RUNPATH_SEARCH_PATHS = "$(inherited) @executable_path/Frameworks @loader_path/Frameworks";
				PRODUCT_BUNDLE_IDENTIFIER = tak.inc.ios14Tests;
				PRODUCT_NAME = "$(TARGET_NAME)";
				TEST_HOST = "$(BUILT_PRODUCTS_DIR)/ios14.app/ios14";
			};
			name = Debug;
		};
		EF0B51A51CDB42C900A029B9 /* Release */ = {
			isa = XCBuildConfiguration;
			buildSettings = {
				BUNDLE_LOADER = "$(TEST_HOST)";
				INFOPLIST_FILE = ios14Tests/Info.plist;
				LD_RUNPATH_SEARCH_PATHS = "$(inherited) @executable_path/Frameworks @loader_path/Frameworks";
				PRODUCT_BUNDLE_IDENTIFIER = tak.inc.ios14Tests;
				PRODUCT_NAME = "$(TARGET_NAME)";
				TEST_HOST = "$(BUILT_PRODUCTS_DIR)/ios14.app/ios14";
			};
			name = Release;
		};
		EF0B51A71CDB42C900A029B9 /* Debug */ = {
			isa = XCBuildConfiguration;
			buildSettings = {
				INFOPLIST_FILE = ios14UITests/Info.plist;
				LD_RUNPATH_SEARCH_PATHS = "$(inherited) @executable_path/Frameworks @loader_path/Frameworks";
				PRODUCT_BUNDLE_IDENTIFIER = tak.inc.ios14UITests;
				PRODUCT_NAME = "$(TARGET_NAME)";
				TEST_TARGET_NAME = ios14;
			};
			name = Debug;
		};
		EF0B51A81CDB42C900A029B9 /* Release */ = {
			isa = XCBuildConfiguration;
			buildSettings = {
				INFOPLIST_FILE = ios14UITests/Info.plist;
				LD_RUNPATH_SEARCH_PATHS = "$(inherited) @executable_path/Frameworks @loader_path/Frameworks";
				PRODUCT_BUNDLE_IDENTIFIER = tak.inc.ios14UITests;
				PRODUCT_NAME = "$(TARGET_NAME)";
				TEST_TARGET_NAME = ios14;
			};
			name = Release;
		};
/* End XCBuildConfiguration section */

/* Begin XCConfigurationList section */
		EF0B51731CDB42C900A029B9 /* Build configuration list for PBXProject "ios14" */ = {
			isa = XCConfigurationList;
			buildConfigurations = (
				EF0B519E1CDB42C900A029B9 /* Debug */,
				EF0B519F1CDB42C900A029B9 /* Release */,
			);
			defaultConfigurationIsVisible = 0;
			defaultConfigurationName = Release;
		};
		EF0B51A01CDB42C900A029B9 /* Build configuration list for PBXNativeTarget "ios14" */ = {
			isa = XCConfigurationList;
			buildConfigurations = (
				EF0B51A11CDB42C900A029B9 /* Debug */,
				EF0B51A21CDB42C900A029B9 /* Release */,
			);
			defaultConfigurationIsVisible = 0;
		};
		EF0B51A31CDB42C900A029B9 /* Build configuration list for PBXNativeTarget "ios14Tests" */ = {
			isa = XCConfigurationList;
			buildConfigurations = (
				EF0B51A41CDB42C900A029B9 /* Debug */,
				EF0B51A51CDB42C900A029B9 /* Release */,
			);
			defaultConfigurationIsVisible = 0;
		};
		EF0B51A61CDB42C900A029B9 /* Build configuration list for PBXNativeTarget "ios14UITests" */ = {
			isa = XCConfigurationList;
			buildConfigurations = (
				EF0B51A71CDB42C900A029B9 /* Debug */,
				EF0B51A81CDB42C900A029B9 /* Release */,
			);
			defaultConfigurationIsVisible = 0;
		};
/* End XCConfigurationList section */
	};
	rootObject = EF0B51701CDB42C900A029B9 /* Project object */;
}
